
Microsoft Visual Studio Solution File, Format Version 12.00
# Visual Studio Version 17
VisualStudioVersion = 17.0.31903.59
MinimumVisualStudioVersion = 10.0.40219.1
Project("{FAE04EC0-301F-11D3-BF4B-00C04F79EFBC}") = "RouteTickrAPI", "RouteTickrAPI\RouteTickrAPI.csproj", "{9881D916-A18D-456A-AE5B-1D7660F02526}"
EndProject
Project("{FAE04EC0-301F-11D3-BF4B-00C04F79EFBC}") = "RouteTickrAPI.Tests", "RouteTickrAPI.Tests\RouteTickrAPI.Tests.csproj", "{0E7A797F-F4BD-4907-BBD2-F786EB6378F2}"
EndProject
Project("{FAE04EC0-301F-11D3-BF4B-00C04F79EFBC}") = "ScraperWorker", "ScraperWorker\ScraperWorker.csproj", "{B4BD9BDB-9310-422E-8BE0-6CB779B8F126}"
EndProject
Project("{FAE04EC0-301F-11D3-BF4B-00C04F79EFBC}") = "RouteTickr.Entities", "RouteTickr.Entities\RouteTickr.Entities.csproj", "{CC23CE67-7F54-4055-83B7-60CFFC240BEE}"
EndProject
Global
	GlobalSection(SolutionConfigurationPlatforms) = preSolution
		Debug|Any CPU = Debug|Any CPU
		Release|Any CPU = Release|Any CPU
	EndGlobalSection
	GlobalSection(SolutionProperties) = preSolution
		HideSolutionNode = FALSE
	EndGlobalSection
	GlobalSection(ProjectConfigurationPlatforms) = postSolution
		{9881D916-A18D-456A-AE5B-1D7660F02526}.Debug|Any CPU.ActiveCfg = Debug|Any CPU
		{9881D916-A18D-456A-AE5B-1D7660F02526}.Debug|Any CPU.Build.0 = Debug|Any CPU
		{9881D916-A18D-456A-AE5B-1D7660F02526}.Release|Any CPU.ActiveCfg = Release|Any CPU
		{9881D916-A18D-456A-AE5B-1D7660F02526}.Release|Any CPU.Build.0 = Release|Any CPU
		{0E7A797F-F4BD-4907-BBD2-F786EB6378F2}.Debug|Any CPU.ActiveCfg = Debug|Any CPU
		{0E7A797F-F4BD-4907-BBD2-F786EB6378F2}.Debug|Any CPU.Build.0 = Debug|Any CPU
		{0E7A797F-F4BD-4907-BBD2-F786EB6378F2}.Release|Any CPU.ActiveCfg = Release|Any CPU
		{0E7A797F-F4BD-4907-BBD2-F786EB6378F2}.Release|Any CPU.Build.0 = Release|Any CPU
		{B4BD9BDB-9310-422E-8BE0-6CB779B8F126}.Debug|Any CPU.ActiveCfg = Debug|Any CPU
		{B4BD9BDB-9310-422E-8BE0-6CB779B8F126}.Debug|Any CPU.Build.0 = Debug|Any CPU
		{B4BD9BDB-9310-422E-8BE0-6CB779B8F126}.Release|Any CPU.ActiveCfg = Release|Any CPU
		{B4BD9BDB-9310-422E-8BE0-6CB779B8F126}.Release|Any CPU.Build.0 = Release|Any CPU
		{CC23CE67-7F54-4055-83B7-60CFFC240BEE}.Debug|Any CPU.ActiveCfg = Debug|Any CPU
		{CC23CE67-7F54-4055-83B7-60CFFC240BEE}.Debug|Any CPU.Build.0 = Debug|Any CPU
		{CC23CE67-7F54-4055-83B7-60CFFC240BEE}.Release|Any CPU.ActiveCfg = Release|Any CPU
		{CC23CE67-7F54-4055-83B7-60CFFC240BEE}.Release|Any CPU.Build.0 = Release|Any CPU
	EndGlobalSection
EndGlobal
